{
  "requires": true,
  "lockfileVersion": 1,
  "dependencies": {
    "js-big-decimal": {
      "version": "1.2.2",
      "resolved": "https://registry.npmjs.org/js-big-decimal/-/js-big-decimal-1.2.2.tgz",
      "integrity": "sha512-2WGoyKOdMwdzOizArzerDOcb+EReZPV5DlbFg5SrBmgXfUaqrhOsz6anFtMXODFEQleUnmXbSyzKi0uO5JWLcw=="
    }
  }
}
